
Microsoft Visual Studio Solution File, Format Version 12.00
# Visual Studio Version 16
VisualStudioVersion = 16.0.30204.135
MinimumVisualStudioVersion = 10.0.40219.1
Project("{FAE04EC0-301F-11D3-BF4B-00C04F79EFBC}") = "IPChecker", "IPChecker.csproj", "{46F557F5-2563-4C5B-82C5-51F08E967227}"
EndProject
Global
	GlobalSection(SolutionConfigurationPlatforms) = preSolution
		Debug|Any CPU = Debug|Any CPU
		Release|Any CPU = Release|Any CPU
	EndGlobalSection
	GlobalSection(ProjectConfigurationPlatforms) = postSolution
		{46F557F5-2563-4C5B-82C5-51F08E967227}.Debug|Any CPU.ActiveCfg = Debug|Any CPU
		{46F557F5-2563-4C5B-82C5-51F08E967227}.Debug|Any CPU.Build.0 = Debug|Any CPU
		{46F557F5-2563-4C5B-82C5-51F08E967227}.Release|Any CPU.ActiveCfg = Release|Any CPU
		{46F557F5-2563-4C5B-82C5-51F08E967227}.Release|Any CPU.Build.0 = Release|Any CPU
	EndGlobalSection
	GlobalSection(SolutionProperties) = preSolution
		HideSolutionNode = FALSE
	EndGlobalSection
	GlobalSection(ExtensibilityGlobals) = postSolution
		SolutionGuid = {8716F30E-80C8-4928-A9C3-2036AA38138A}
	EndGlobalSection
EndGlobal
